
Microsoft Visual Studio Solution File, Format Version 12.00
# Visual Studio Version 17
VisualStudioVersion = 17.0.31903.59
MinimumVisualStudioVersion = 10.0.40219.1
Project("{9A19103F-16F7-4668-BE54-9A1E7A4F7556}") = "RenameRuleContract", "RenameRuleContract\RenameRuleContract.csproj", "{AA567D9A-C8AE-4D1B-BCB3-95A00F2D8B10}"
EndProject
Project("{9A19103F-16F7-4668-BE54-9A1E7A4F7556}") = "RenameRuleLibrary", "RenameRuleLibrary\RenameRuleLibrary.csproj", "{4A585730-74A8-4566-827A-A907C66641D3}"
EndProject
Project("{9A19103F-16F7-4668-BE54-9A1E7A4F7556}") = "RenameRuleParserContract", "RenameRuleParserContract\RenameRuleParserContract.csproj", "{92EABA6C-9760-4BD5-A35D-DFE4EFAA0F4A}"
EndProject
Project("{9A19103F-16F7-4668-BE54-9A1E7A4F7556}") = "BatchRenameNew", "BatchRenameNew\BatchRenameNew.csproj", "{67430247-9EA9-4570-845B-0450AB3C49CA}"
EndProject
Global
	GlobalSection(SolutionConfigurationPlatforms) = preSolution
		Debug|Any CPU = Debug|Any CPU
		Release|Any CPU = Release|Any CPU
	EndGlobalSection
	GlobalSection(ProjectConfigurationPlatforms) = postSolution
		{AA567D9A-C8AE-4D1B-BCB3-95A00F2D8B10}.Debug|Any CPU.ActiveCfg = Debug|Any CPU
		{AA567D9A-C8AE-4D1B-BCB3-95A00F2D8B10}.Debug|Any CPU.Build.0 = Debug|Any CPU
		{AA567D9A-C8AE-4D1B-BCB3-95A00F2D8B10}.Release|Any CPU.ActiveCfg = Release|Any CPU
		{AA567D9A-C8AE-4D1B-BCB3-95A00F2D8B10}.Release|Any CPU.Build.0 = Release|Any CPU
		{4A585730-74A8-4566-827A-A907C66641D3}.Debug|Any CPU.ActiveCfg = Debug|Any CPU
		{4A585730-74A8-4566-827A-A907C66641D3}.Debug|Any CPU.Build.0 = Debug|Any CPU
		{4A585730-74A8-4566-827A-A907C66641D3}.Release|Any CPU.ActiveCfg = Release|Any CPU
		{4A585730-74A8-4566-827A-A907C66641D3}.Release|Any CPU.Build.0 = Release|Any CPU
		{92EABA6C-9760-4BD5-A35D-DFE4EFAA0F4A}.Debug|Any CPU.ActiveCfg = Debug|Any CPU
		{92EABA6C-9760-4BD5-A35D-DFE4EFAA0F4A}.Debug|Any CPU.Build.0 = Debug|Any CPU
		{92EABA6C-9760-4BD5-A35D-DFE4EFAA0F4A}.Release|Any CPU.ActiveCfg = Release|Any CPU
		{92EABA6C-9760-4BD5-A35D-DFE4EFAA0F4A}.Release|Any CPU.Build.0 = Release|Any CPU
		{67430247-9EA9-4570-845B-0450AB3C49CA}.Debug|Any CPU.ActiveCfg = Debug|Any CPU
		{67430247-9EA9-4570-845B-0450AB3C49CA}.Debug|Any CPU.Build.0 = Debug|Any CPU
		{67430247-9EA9-4570-845B-0450AB3C49CA}.Release|Any CPU.ActiveCfg = Release|Any CPU
		{67430247-9EA9-4570-845B-0450AB3C49CA}.Release|Any CPU.Build.0 = Release|Any CPU
	EndGlobalSection
	GlobalSection(SolutionProperties) = preSolution
		HideSolutionNode = FALSE
	EndGlobalSection
	GlobalSection(ExtensibilityGlobals) = postSolution
		SolutionGuid = {F2A7354B-879F-4C71-96F2-B82DE8F73094}
	EndGlobalSection
EndGlobal
